
Microsoft Visual Studio Solution File, Format Version 12.00
# Visual Studio Version 17
VisualStudioVersion = 17.0.31903.59
MinimumVisualStudioVersion = 10.0.40219.1
Project("{2150E333-8FDC-42A3-9474-1A3956D46DE8}") = "Services", "Services", "{26989A82-8DA5-4477-A622-6A4C8A57E5BC}"
EndProject
Project("{2150E333-8FDC-42A3-9474-1A3956D46DE8}") = "Catalog", "Catalog", "{F3E8E053-89BD-4DFE-93D3-BAE383DEAB65}"
EndProject
Project("{FAE04EC0-301F-11D3-BF4B-00C04F79EFBC}") = "Catalog.API", "Services\Catalog\Catalog.API\Catalog.API.csproj", "{149E8A76-3E89-465B-BC1F-F44B8CF160ED}"
EndProject
Project("{2150E333-8FDC-42A3-9474-1A3956D46DE8}") = "Shared", "Shared", "{4F52FD11-658E-A102-6CD3-7D7C16FFA15B}"
EndProject
Project("{FAE04EC0-301F-11D3-BF4B-00C04F79EFBC}") = "Shared", "Shared\Shared.csproj", "{67E938A4-D1C5-4635-B75C-F5ED632EDEF9}"
EndProject
Project("{2150E333-8FDC-42A3-9474-1A3956D46DE8}") = "Basket", "Basket", "{62F0AD09-4BCD-44C1-45EB-6A7519875B2E}"
EndProject
Project("{FAE04EC0-301F-11D3-BF4B-00C04F79EFBC}") = "Basket.API", "Services\Basket\Basket.API\Basket.API.csproj", "{5E1A909C-0B6B-4508-9553-6BBB4F814159}"
EndProject
Project("{2150E333-8FDC-42A3-9474-1A3956D46DE8}") = "Discount", "Discount", "{D3422F15-C131-48A9-AE1C-3D75152F0678}"
EndProject
Project("{FAE04EC0-301F-11D3-BF4B-00C04F79EFBC}") = "Discount.Grpc", "Services\Discount\Discount.Grpc\Discount.Grpc.csproj", "{93A999BE-6EE9-4D60-AAC4-C3DC45899FD2}"
EndProject
Project("{2150E333-8FDC-42A3-9474-1A3956D46DE8}") = "Ordering", "Ordering", "{4996F6FB-355D-4156-9E30-3410D676587A}"
EndProject
Project("{FAE04EC0-301F-11D3-BF4B-00C04F79EFBC}") = "Ordering.API", "Services\Ordering\Ordering.API\Ordering.API.csproj", "{44DA614E-8C26-4715-BA80-D36B1CFE1007}"
EndProject
Project("{FAE04EC0-301F-11D3-BF4B-00C04F79EFBC}") = "Ordering.Domain", "Services\Ordering\Ordering.Domain\Ordering.Domain.csproj", "{A99D0CF4-2F0A-4163-8324-62C55180C34A}"
EndProject
Project("{FAE04EC0-301F-11D3-BF4B-00C04F79EFBC}") = "Ordering.Infrastructure", "Services\Ordering\Ordering.Infrastructure\Ordering.Infrastructure.csproj", "{57DD2E2E-DA5E-4795-B56C-B4E796231F9B}"
EndProject
Global
	GlobalSection(SolutionConfigurationPlatforms) = preSolution
		Debug|Any CPU = Debug|Any CPU
		Debug|x64 = Debug|x64
		Debug|x86 = Debug|x86
		Release|Any CPU = Release|Any CPU
		Release|x64 = Release|x64
		Release|x86 = Release|x86
	EndGlobalSection
	GlobalSection(ProjectConfigurationPlatforms) = postSolution
		{149E8A76-3E89-465B-BC1F-F44B8CF160ED}.Debug|Any CPU.ActiveCfg = Debug|Any CPU
		{149E8A76-3E89-465B-BC1F-F44B8CF160ED}.Debug|Any CPU.Build.0 = Debug|Any CPU
		{149E8A76-3E89-465B-BC1F-F44B8CF160ED}.Debug|x64.ActiveCfg = Debug|Any CPU
		{149E8A76-3E89-465B-BC1F-F44B8CF160ED}.Debug|x64.Build.0 = Debug|Any CPU
		{149E8A76-3E89-465B-BC1F-F44B8CF160ED}.Debug|x86.ActiveCfg = Debug|Any CPU
		{149E8A76-3E89-465B-BC1F-F44B8CF160ED}.Debug|x86.Build.0 = Debug|Any CPU
		{149E8A76-3E89-465B-BC1F-F44B8CF160ED}.Release|Any CPU.ActiveCfg = Release|Any CPU
		{149E8A76-3E89-465B-BC1F-F44B8CF160ED}.Release|Any CPU.Build.0 = Release|Any CPU
		{149E8A76-3E89-465B-BC1F-F44B8CF160ED}.Release|x64.ActiveCfg = Release|Any CPU
		{149E8A76-3E89-465B-BC1F-F44B8CF160ED}.Release|x64.Build.0 = Release|Any CPU
		{149E8A76-3E89-465B-BC1F-F44B8CF160ED}.Release|x86.ActiveCfg = Release|Any CPU
		{149E8A76-3E89-465B-BC1F-F44B8CF160ED}.Release|x86.Build.0 = Release|Any CPU
		{67E938A4-D1C5-4635-B75C-F5ED632EDEF9}.Debug|Any CPU.ActiveCfg = Debug|Any CPU
		{67E938A4-D1C5-4635-B75C-F5ED632EDEF9}.Debug|Any CPU.Build.0 = Debug|Any CPU
		{67E938A4-D1C5-4635-B75C-F5ED632EDEF9}.Debug|x64.ActiveCfg = Debug|Any CPU
		{67E938A4-D1C5-4635-B75C-F5ED632EDEF9}.Debug|x64.Build.0 = Debug|Any CPU
		{67E938A4-D1C5-4635-B75C-F5ED632EDEF9}.Debug|x86.ActiveCfg = Debug|Any CPU
		{67E938A4-D1C5-4635-B75C-F5ED632EDEF9}.Debug|x86.Build.0 = Debug|Any CPU
		{67E938A4-D1C5-4635-B75C-F5ED632EDEF9}.Release|Any CPU.ActiveCfg = Release|Any CPU
		{67E938A4-D1C5-4635-B75C-F5ED632EDEF9}.Release|Any CPU.Build.0 = Release|Any CPU
		{67E938A4-D1C5-4635-B75C-F5ED632EDEF9}.Release|x64.ActiveCfg = Release|Any CPU
		{67E938A4-D1C5-4635-B75C-F5ED632EDEF9}.Release|x64.Build.0 = Release|Any CPU
		{67E938A4-D1C5-4635-B75C-F5ED632EDEF9}.Release|x86.ActiveCfg = Release|Any CPU
		{67E938A4-D1C5-4635-B75C-F5ED632EDEF9}.Release|x86.Build.0 = Release|Any CPU
		{5E1A909C-0B6B-4508-9553-6BBB4F814159}.Debug|Any CPU.ActiveCfg = Debug|Any CPU
		{5E1A909C-0B6B-4508-9553-6BBB4F814159}.Debug|Any CPU.Build.0 = Debug|Any CPU
		{5E1A909C-0B6B-4508-9553-6BBB4F814159}.Debug|x64.ActiveCfg = Debug|Any CPU
		{5E1A909C-0B6B-4508-9553-6BBB4F814159}.Debug|x64.Build.0 = Debug|Any CPU
		{5E1A909C-0B6B-4508-9553-6BBB4F814159}.Debug|x86.ActiveCfg = Debug|Any CPU
		{5E1A909C-0B6B-4508-9553-6BBB4F814159}.Debug|x86.Build.0 = Debug|Any CPU
		{5E1A909C-0B6B-4508-9553-6BBB4F814159}.Release|Any CPU.ActiveCfg = Release|Any CPU
		{5E1A909C-0B6B-4508-9553-6BBB4F814159}.Release|Any CPU.Build.0 = Release|Any CPU
		{5E1A909C-0B6B-4508-9553-6BBB4F814159}.Release|x64.ActiveCfg = Release|Any CPU
		{5E1A909C-0B6B-4508-9553-6BBB4F814159}.Release|x64.Build.0 = Release|Any CPU
		{5E1A909C-0B6B-4508-9553-6BBB4F814159}.Release|x86.ActiveCfg = Release|Any CPU
		{5E1A909C-0B6B-4508-9553-6BBB4F814159}.Release|x86.Build.0 = Release|Any CPU
		{93A999BE-6EE9-4D60-AAC4-C3DC45899FD2}.Debug|Any CPU.ActiveCfg = Debug|Any CPU
		{93A999BE-6EE9-4D60-AAC4-C3DC45899FD2}.Debug|Any CPU.Build.0 = Debug|Any CPU
		{93A999BE-6EE9-4D60-AAC4-C3DC45899FD2}.Debug|x64.ActiveCfg = Debug|Any CPU
		{93A999BE-6EE9-4D60-AAC4-C3DC45899FD2}.Debug|x64.Build.0 = Debug|Any CPU
		{93A999BE-6EE9-4D60-AAC4-C3DC45899FD2}.Debug|x86.ActiveCfg = Debug|Any CPU
		{93A999BE-6EE9-4D60-AAC4-C3DC45899FD2}.Debug|x86.Build.0 = Debug|Any CPU
		{93A999BE-6EE9-4D60-AAC4-C3DC45899FD2}.Release|Any CPU.ActiveCfg = Release|Any CPU
		{93A999BE-6EE9-4D60-AAC4-C3DC45899FD2}.Release|Any CPU.Build.0 = Release|Any CPU
		{93A999BE-6EE9-4D60-AAC4-C3DC45899FD2}.Release|x64.ActiveCfg = Release|Any CPU
		{93A999BE-6EE9-4D60-AAC4-C3DC45899FD2}.Release|x64.Build.0 = Release|Any CPU
		{93A999BE-6EE9-4D60-AAC4-C3DC45899FD2}.Release|x86.ActiveCfg = Release|Any CPU
		{93A999BE-6EE9-4D60-AAC4-C3DC45899FD2}.Release|x86.Build.0 = Release|Any CPU
		{44DA614E-8C26-4715-BA80-D36B1CFE1007}.Debug|Any CPU.ActiveCfg = Debug|Any CPU
		{44DA614E-8C26-4715-BA80-D36B1CFE1007}.Debug|Any CPU.Build.0 = Debug|Any CPU
		{44DA614E-8C26-4715-BA80-D36B1CFE1007}.Debug|x64.ActiveCfg = Debug|Any CPU
		{44DA614E-8C26-4715-BA80-D36B1CFE1007}.Debug|x64.Build.0 = Debug|Any CPU
		{44DA614E-8C26-4715-BA80-D36B1CFE1007}.Debug|x86.ActiveCfg = Debug|Any CPU
		{44DA614E-8C26-4715-BA80-D36B1CFE1007}.Debug|x86.Build.0 = Debug|Any CPU
		{44DA614E-8C26-4715-BA80-D36B1CFE1007}.Release|Any CPU.ActiveCfg = Release|Any CPU
		{44DA614E-8C26-4715-BA80-D36B1CFE1007}.Release|Any CPU.Build.0 = Release|Any CPU
		{44DA614E-8C26-4715-BA80-D36B1CFE1007}.Release|x64.ActiveCfg = Release|Any CPU
		{44DA614E-8C26-4715-BA80-D36B1CFE1007}.Release|x64.Build.0 = Release|Any CPU
		{44DA614E-8C26-4715-BA80-D36B1CFE1007}.Release|x86.ActiveCfg = Release|Any CPU
		{44DA614E-8C26-4715-BA80-D36B1CFE1007}.Release|x86.Build.0 = Release|Any CPU
		{A99D0CF4-2F0A-4163-8324-62C55180C34A}.Debug|Any CPU.ActiveCfg = Debug|Any CPU
		{A99D0CF4-2F0A-4163-8324-62C55180C34A}.Debug|Any CPU.Build.0 = Debug|Any CPU
		{A99D0CF4-2F0A-4163-8324-62C55180C34A}.Debug|x64.ActiveCfg = Debug|Any CPU
		{A99D0CF4-2F0A-4163-8324-62C55180C34A}.Debug|x64.Build.0 = Debug|Any CPU
		{A99D0CF4-2F0A-4163-8324-62C55180C34A}.Debug|x86.ActiveCfg = Debug|Any CPU
		{A99D0CF4-2F0A-4163-8324-62C55180C34A}.Debug|x86.Build.0 = Debug|Any CPU
		{A99D0CF4-2F0A-4163-8324-62C55180C34A}.Release|Any CPU.ActiveCfg = Release|Any CPU
		{A99D0CF4-2F0A-4163-8324-62C55180C34A}.Release|Any CPU.Build.0 = Release|Any CPU
		{A99D0CF4-2F0A-4163-8324-62C55180C34A}.Release|x64.ActiveCfg = Release|Any CPU
		{A99D0CF4-2F0A-4163-8324-62C55180C34A}.Release|x64.Build.0 = Release|Any CPU
		{A99D0CF4-2F0A-4163-8324-62C55180C34A}.Release|x86.ActiveCfg = Release|Any CPU
		{A99D0CF4-2F0A-4163-8324-62C55180C34A}.Release|x86.Build.0 = Release|Any CPU
		{57DD2E2E-DA5E-4795-B56C-B4E796231F9B}.Debug|Any CPU.ActiveCfg = Debug|Any CPU
		{57DD2E2E-DA5E-4795-B56C-B4E796231F9B}.Debug|Any CPU.Build.0 = Debug|Any CPU
		{57DD2E2E-DA5E-4795-B56C-B4E796231F9B}.Debug|x64.ActiveCfg = Debug|Any CPU
		{57DD2E2E-DA5E-4795-B56C-B4E796231F9B}.Debug|x64.Build.0 = Debug|Any CPU
		{57DD2E2E-DA5E-4795-B56C-B4E796231F9B}.Debug|x86.ActiveCfg = Debug|Any CPU
		{57DD2E2E-DA5E-4795-B56C-B4E796231F9B}.Debug|x86.Build.0 = Debug|Any CPU
		{57DD2E2E-DA5E-4795-B56C-B4E796231F9B}.Release|Any CPU.ActiveCfg = Release|Any CPU
		{57DD2E2E-DA5E-4795-B56C-B4E796231F9B}.Release|Any CPU.Build.0 = Release|Any CPU
		{57DD2E2E-DA5E-4795-B56C-B4E796231F9B}.Release|x64.ActiveCfg = Release|Any CPU
		{57DD2E2E-DA5E-4795-B56C-B4E796231F9B}.Release|x64.Build.0 = Release|Any CPU
		{57DD2E2E-DA5E-4795-B56C-B4E796231F9B}.Release|x86.ActiveCfg = Release|Any CPU
		{57DD2E2E-DA5E-4795-B56C-B4E796231F9B}.Release|x86.Build.0 = Release|Any CPU
	EndGlobalSection
	GlobalSection(SolutionProperties) = preSolution
		HideSolutionNode = FALSE
	EndGlobalSection
	GlobalSection(NestedProjects) = preSolution
		{F3E8E053-89BD-4DFE-93D3-BAE383DEAB65} = {26989A82-8DA5-4477-A622-6A4C8A57E5BC}
		{149E8A76-3E89-465B-BC1F-F44B8CF160ED} = {F3E8E053-89BD-4DFE-93D3-BAE383DEAB65}
		{67E938A4-D1C5-4635-B75C-F5ED632EDEF9} = {4F52FD11-658E-A102-6CD3-7D7C16FFA15B}
		{62F0AD09-4BCD-44C1-45EB-6A7519875B2E} = {26989A82-8DA5-4477-A622-6A4C8A57E5BC}
		{5E1A909C-0B6B-4508-9553-6BBB4F814159} = {62F0AD09-4BCD-44C1-45EB-6A7519875B2E}
		{D3422F15-C131-48A9-AE1C-3D75152F0678} = {26989A82-8DA5-4477-A622-6A4C8A57E5BC}
		{93A999BE-6EE9-4D60-AAC4-C3DC45899FD2} = {D3422F15-C131-48A9-AE1C-3D75152F0678}
		{4996F6FB-355D-4156-9E30-3410D676587A} = {26989A82-8DA5-4477-A622-6A4C8A57E5BC}
		{44DA614E-8C26-4715-BA80-D36B1CFE1007} = {4996F6FB-355D-4156-9E30-3410D676587A}
		{A99D0CF4-2F0A-4163-8324-62C55180C34A} = {4996F6FB-355D-4156-9E30-3410D676587A}
		{57DD2E2E-DA5E-4795-B56C-B4E796231F9B} = {4996F6FB-355D-4156-9E30-3410D676587A}
	EndGlobalSection
EndGlobal
